Microsoft Visual Studio Solution File, Format Version 11.00
# Visual Studio 2008

Project("{A5573077-C442-DD84-33B8-F5B42DE76DD9}") = "GravWar", "Assembly-CSharp-firstpass.csproj", "{B95D2713-BFF4-11B5-174C-169F140EF2B6}"
EndProject
Project("{A5573077-C442-DD84-33B8-F5B42DE76DD9}") = "GravWar", "Assembly-CSharp.csproj", "{5E2DC20A-41C6-9405-1E05-41CA13292B83}"
EndProject
Project("{A5573077-C442-DD84-33B8-F5B42DE76DD9}") = "GravWar", "Assembly-UnityScript-firstpass.unityproj", "{3E261D66-69AF-1107-5A95-6167F11E662D}"
EndProject
Project("{A5573077-C442-DD84-33B8-F5B42DE76DD9}") = "GravWar", "Assembly-UnityScript.unityproj", "{19B84A59-C38A-2B57-450C-48540348F8D0}"
EndProject
Global
	GlobalSection(SolutionConfigurationPlatforms) = preSolution
		Debug|Any CPU = Debug|Any CPU
		Release|Any CPU = Release|Any CPU
	EndGlobalSection
	GlobalSection(ProjectConfigurationPlatforms) = postSolution
		{B95D2713-BFF4-11B5-174C-169F140EF2B6}.Debug|Any CPU.ActiveCfg = Debug|Any CPU
		{B95D2713-BFF4-11B5-174C-169F140EF2B6}.Debug|Any CPU.Build.0 = Debug|Any CPU
		{B95D2713-BFF4-11B5-174C-169F140EF2B6}.Release|Any CPU.ActiveCfg = Release|Any CPU
		{B95D2713-BFF4-11B5-174C-169F140EF2B6}.Release|Any CPU.Build.0 = Release|Any CPU
		{5E2DC20A-41C6-9405-1E05-41CA13292B83}.Debug|Any CPU.ActiveCfg = Debug|Any CPU
		{5E2DC20A-41C6-9405-1E05-41CA13292B83}.Debug|Any CPU.Build.0 = Debug|Any CPU
		{5E2DC20A-41C6-9405-1E05-41CA13292B83}.Release|Any CPU.ActiveCfg = Release|Any CPU
		{5E2DC20A-41C6-9405-1E05-41CA13292B83}.Release|Any CPU.Build.0 = Release|Any CPU
		{3E261D66-69AF-1107-5A95-6167F11E662D}.Debug|Any CPU.ActiveCfg = Debug|Any CPU
		{3E261D66-69AF-1107-5A95-6167F11E662D}.Debug|Any CPU.Build.0 = Debug|Any CPU
		{3E261D66-69AF-1107-5A95-6167F11E662D}.Release|Any CPU.ActiveCfg = Release|Any CPU
		{3E261D66-69AF-1107-5A95-6167F11E662D}.Release|Any CPU.Build.0 = Release|Any CPU
		{19B84A59-C38A-2B57-450C-48540348F8D0}.Debug|Any CPU.ActiveCfg = Debug|Any CPU
		{19B84A59-C38A-2B57-450C-48540348F8D0}.Debug|Any CPU.Build.0 = Debug|Any CPU
		{19B84A59-C38A-2B57-450C-48540348F8D0}.Release|Any CPU.ActiveCfg = Release|Any CPU
		{19B84A59-C38A-2B57-450C-48540348F8D0}.Release|Any CPU.Build.0 = Release|Any CPU
	EndGlobalSection
	GlobalSection(SolutionProperties) = preSolution
		HideSolutionNode = FALSE
	EndGlobalSection
								GlobalSection(MonoDevelopProperties) = preSolution
		StartupItem = Assembly-CSharp.csproj
		Policies = $0
		$0.TextStylePolicy = $1
		$1.inheritsSet = null
		$1.scope = text/x-csharp
		$0.CSharpFormattingPolicy = $2
		$2.inheritsSet = Mono
		$2.inheritsScope = text/x-csharp
		$2.scope = text/x-csharp
		$0.TextStylePolicy = $3
		$3.FileWidth = 120
		$3.TabWidth = 4
		$3.EolMarker = Unix
		$3.inheritsSet = Mono
		$3.inheritsScope = text/plain
		$3.scope = text/plain
	EndGlobalSection

EndGlobal
